
Microsoft Visual Studio Solution File, Format Version 12.00
# Visual Studio Version 17
VisualStudioVersion = 17.10.35013.160
MinimumVisualStudioVersion = 10.0.40219.1
Project("{FAE04EC0-301F-11D3-BF4B-00C04F79EFBC}") = "ClassEncapsuleMethods", "ClassEncapsuleMethods.csproj", "{AFB6177A-8A71-4D29-A972-9F36C7BF7F2F}"
EndProject
Global
	GlobalSection(SolutionConfigurationPlatforms) = preSolution
		Debug|Any CPU = Debug|Any CPU
		Release|Any CPU = Release|Any CPU
	EndGlobalSection
	GlobalSection(ProjectConfigurationPlatforms) = postSolution
		{AFB6177A-8A71-4D29-A972-9F36C7BF7F2F}.Debug|Any CPU.ActiveCfg = Debug|Any CPU
		{AFB6177A-8A71-4D29-A972-9F36C7BF7F2F}.Debug|Any CPU.Build.0 = Debug|Any CPU
		{AFB6177A-8A71-4D29-A972-9F36C7BF7F2F}.Release|Any CPU.ActiveCfg = Release|Any CPU
		{AFB6177A-8A71-4D29-A972-9F36C7BF7F2F}.Release|Any CPU.Build.0 = Release|Any CPU
	EndGlobalSection
	GlobalSection(SolutionProperties) = preSolution
		HideSolutionNode = FALSE
	EndGlobalSection
	GlobalSection(ExtensibilityGlobals) = postSolution
		SolutionGuid = {BACD5081-7EBE-4DCA-8AD1-518828D7350D}
	EndGlobalSection
EndGlobal
